
Microsoft Visual Studio Solution File, Format Version 12.00
# Visual Studio Version 17
VisualStudioVersion = 17.8.34330.188
MinimumVisualStudioVersion = 10.0.40219.1
Project("{FAE04EC0-301F-11D3-BF4B-00C04F79EFBC}") = "HilibraryGitHub", "HilibraryGitHub.csproj", "{656D78E8-3402-49CC-B1E7-882DC2BDC64B}"
EndProject
Global
	GlobalSection(SolutionConfigurationPlatforms) = preSolution
		Debug|Any CPU = Debug|Any CPU
		Release|Any CPU = Release|Any CPU
	EndGlobalSection
	GlobalSection(ProjectConfigurationPlatforms) = postSolution
		{656D78E8-3402-49CC-B1E7-882DC2BDC64B}.Debug|Any CPU.ActiveCfg = Debug|Any CPU
		{656D78E8-3402-49CC-B1E7-882DC2BDC64B}.Debug|Any CPU.Build.0 = Debug|Any CPU
		{656D78E8-3402-49CC-B1E7-882DC2BDC64B}.Release|Any CPU.ActiveCfg = Release|Any CPU
		{656D78E8-3402-49CC-B1E7-882DC2BDC64B}.Release|Any CPU.Build.0 = Release|Any CPU
	EndGlobalSection
	GlobalSection(SolutionProperties) = preSolution
		HideSolutionNode = FALSE
	EndGlobalSection
	GlobalSection(ExtensibilityGlobals) = postSolution
		SolutionGuid = {5BFD0C64-D38E-4DEE-86BA-7A1707C09F4E}
	EndGlobalSection
EndGlobal
